
Microsoft Visual Studio Solution File, Format Version 12.00
# Visual Studio 2013
VisualStudioVersion = 12.0.31101.0
MinimumVisualStudioVersion = 10.0.40219.1
Project("{FAE04EC0-301F-11D3-BF4B-00C04F79EFBC}") = "CSharp極客學園.數值型別.string", "CSharp極客學園\CSharp極客學園.數值型別.string.csproj", "{4C7AF8DE-FCDF-43AE-83F3-80D092589247}"
EndProject
Project("{FAE04EC0-301F-11D3-BF4B-00C04F79EFBC}") = "CSharp極客學園.參考型別.struct與enum", "CSharp極客學園-參考型別\CSharp極客學園.參考型別.struct與enum.csproj", "{8D36B3AF-9F39-43DA-9B16-5D6E33346929}"
EndProject
Project("{FAE04EC0-301F-11D3-BF4B-00C04F79EFBC}") = "CSharp極客學園.參考型別.Class", "CSharp極客學園.參考型別.Class\CSharp極客學園.參考型別.Class.csproj", "{E5883014-C62A-495F-A170-794484911CFE}"
EndProject
Project("{FAE04EC0-301F-11D3-BF4B-00C04F79EFBC}") = "CSharp極客學園.型別轉換", "CSharp極客學園.型別轉換\CSharp極客學園.型別轉換.csproj", "{DE179A51-0F94-4A17-9B47-2DC08654A6B7}"
EndProject
Project("{FAE04EC0-301F-11D3-BF4B-00C04F79EFBC}") = "CSharp極客學園.條件語句", "CSharp極客學園.條件語句\CSharp極客學園.條件語句.csproj", "{46BDBA63-E51E-4B24-A3EE-50DD5044396B}"
EndProject
Project("{FAE04EC0-301F-11D3-BF4B-00C04F79EFBC}") = "CSharp極客學園.集合類型", "CSharp極客園.集合類型\CSharp極客學園.集合類型.csproj", "{8D934A48-2EFA-454C-8079-A340C1F40ED4}"
EndProject
Project("{FAE04EC0-301F-11D3-BF4B-00C04F79EFBC}") = "CSharp極客學園.物件導向.封裝", "CSharp極客學園.物件導向.封裝\CSharp極客學園.物件導向.封裝.csproj", "{F6966E4D-E7D7-4F67-8F63-06C4B7BE6EF3}"
EndProject
Project("{FAE04EC0-301F-11D3-BF4B-00C04F79EFBC}") = "AnotherAssembly", "AnotherAssembly\AnotherAssembly.csproj", "{85A47F33-F78D-4E81-BF7B-02A2724DEA51}"
EndProject
Project("{FAE04EC0-301F-11D3-BF4B-00C04F79EFBC}") = "CSharp極客學園.物件導向.繼承", "CSharp極客學園.繼承\CSharp極客學園.物件導向.繼承.csproj", "{23865BF3-65C2-4D18-BFC8-3E838B3C70F8}"
EndProject
Project("{FAE04EC0-301F-11D3-BF4B-00C04F79EFBC}") = "CSharp極客學園.物件導向.多型", "CSharp極客學園.物件導向.多型\CSharp極客學園.物件導向.多型.csproj", "{8360AAD5-CBA4-4B55-BC29-C2226976E19D}"
EndProject
Project("{FAE04EC0-301F-11D3-BF4B-00C04F79EFBC}") = "CSharp極客學園.異常處理.ExceptionHandle", "CSharp極客學園.例外處理.ExceptionHandle\CSharp極客學園.異常處理.ExceptionHandle.csproj", "{24AD55C7-D3F0-4889-9E5E-618F4DBF45E3}"
EndProject
Project("{FAE04EC0-301F-11D3-BF4B-00C04F79EFBC}") = "CSharp極客學園.IO.讀取文件", "CSharp極客學園.IO.讀取文件\CSharp極客學園.IO.讀取文件.csproj", "{BA6CE741-5655-477C-B958-30E443218192}"
EndProject
Project("{FAE04EC0-301F-11D3-BF4B-00C04F79EFBC}") = "CSharp極客學園.IO.建立文件", "CSharp極客學園.IO.建立文件\CSharp極客學園.IO.建立文件.csproj", "{DA93ECBA-4199-45EE-B975-08CADD7699DB}"
EndProject
Project("{FAE04EC0-301F-11D3-BF4B-00C04F79EFBC}") = "CSharp極客學園.IO.獲取文件", "CSharp極客學園.IO.獲取文件\CSharp極客學園.IO.獲取文件.csproj", "{C36FDA70-5332-41D4-9769-B47EC086B585}"
EndProject
Project("{FAE04EC0-301F-11D3-BF4B-00C04F79EFBC}") = "CSharp極客學園.索引子", "CSharp極客學園.索引子\CSharp極客學園.索引子.csproj", "{738724FB-63E7-41C6-B20D-F898454A3895}"
EndProject
Global
	GlobalSection(SolutionConfigurationPlatforms) = preSolution
		Debug|Any CPU = Debug|Any CPU
		Release|Any CPU = Release|Any CPU
	EndGlobalSection
	GlobalSection(ProjectConfigurationPlatforms) = postSolution
		{4C7AF8DE-FCDF-43AE-83F3-80D092589247}.Debug|Any CPU.ActiveCfg = Debug|Any CPU
		{4C7AF8DE-FCDF-43AE-83F3-80D092589247}.Debug|Any CPU.Build.0 = Debug|Any CPU
		{4C7AF8DE-FCDF-43AE-83F3-80D092589247}.Release|Any CPU.ActiveCfg = Release|Any CPU
		{4C7AF8DE-FCDF-43AE-83F3-80D092589247}.Release|Any CPU.Build.0 = Release|Any CPU
		{8D36B3AF-9F39-43DA-9B16-5D6E33346929}.Debug|Any CPU.ActiveCfg = Debug|Any CPU
		{8D36B3AF-9F39-43DA-9B16-5D6E33346929}.Debug|Any CPU.Build.0 = Debug|Any CPU
		{8D36B3AF-9F39-43DA-9B16-5D6E33346929}.Release|Any CPU.ActiveCfg = Release|Any CPU
		{8D36B3AF-9F39-43DA-9B16-5D6E33346929}.Release|Any CPU.Build.0 = Release|Any CPU
		{E5883014-C62A-495F-A170-794484911CFE}.Debug|Any CPU.ActiveCfg = Debug|Any CPU
		{E5883014-C62A-495F-A170-794484911CFE}.Debug|Any CPU.Build.0 = Debug|Any CPU
		{E5883014-C62A-495F-A170-794484911CFE}.Release|Any CPU.ActiveCfg = Release|Any CPU
		{E5883014-C62A-495F-A170-794484911CFE}.Release|Any CPU.Build.0 = Release|Any CPU
		{DE179A51-0F94-4A17-9B47-2DC08654A6B7}.Debug|Any CPU.ActiveCfg = Debug|Any CPU
		{DE179A51-0F94-4A17-9B47-2DC08654A6B7}.Debug|Any CPU.Build.0 = Debug|Any CPU
		{DE179A51-0F94-4A17-9B47-2DC08654A6B7}.Release|Any CPU.ActiveCfg = Release|Any CPU
		{DE179A51-0F94-4A17-9B47-2DC08654A6B7}.Release|Any CPU.Build.0 = Release|Any CPU
		{46BDBA63-E51E-4B24-A3EE-50DD5044396B}.Debug|Any CPU.ActiveCfg = Debug|Any CPU
		{46BDBA63-E51E-4B24-A3EE-50DD5044396B}.Debug|Any CPU.Build.0 = Debug|Any CPU
		{46BDBA63-E51E-4B24-A3EE-50DD5044396B}.Release|Any CPU.ActiveCfg = Release|Any CPU
		{46BDBA63-E51E-4B24-A3EE-50DD5044396B}.Release|Any CPU.Build.0 = Release|Any CPU
		{8D934A48-2EFA-454C-8079-A340C1F40ED4}.Debug|Any CPU.ActiveCfg = Debug|Any CPU
		{8D934A48-2EFA-454C-8079-A340C1F40ED4}.Debug|Any CPU.Build.0 = Debug|Any CPU
		{8D934A48-2EFA-454C-8079-A340C1F40ED4}.Release|Any CPU.ActiveCfg = Release|Any CPU
		{8D934A48-2EFA-454C-8079-A340C1F40ED4}.Release|Any CPU.Build.0 = Release|Any CPU
		{F6966E4D-E7D7-4F67-8F63-06C4B7BE6EF3}.Debug|Any CPU.ActiveCfg = Debug|Any CPU
		{F6966E4D-E7D7-4F67-8F63-06C4B7BE6EF3}.Debug|Any CPU.Build.0 = Debug|Any CPU
		{F6966E4D-E7D7-4F67-8F63-06C4B7BE6EF3}.Release|Any CPU.ActiveCfg = Release|Any CPU
		{F6966E4D-E7D7-4F67-8F63-06C4B7BE6EF3}.Release|Any CPU.Build.0 = Release|Any CPU
		{85A47F33-F78D-4E81-BF7B-02A2724DEA51}.Debug|Any CPU.ActiveCfg = Debug|Any CPU
		{85A47F33-F78D-4E81-BF7B-02A2724DEA51}.Debug|Any CPU.Build.0 = Debug|Any CPU
		{85A47F33-F78D-4E81-BF7B-02A2724DEA51}.Release|Any CPU.ActiveCfg = Release|Any CPU
		{85A47F33-F78D-4E81-BF7B-02A2724DEA51}.Release|Any CPU.Build.0 = Release|Any CPU
		{23865BF3-65C2-4D18-BFC8-3E838B3C70F8}.Debug|Any CPU.ActiveCfg = Debug|Any CPU
		{23865BF3-65C2-4D18-BFC8-3E838B3C70F8}.Debug|Any CPU.Build.0 = Debug|Any CPU
		{23865BF3-65C2-4D18-BFC8-3E838B3C70F8}.Release|Any CPU.ActiveCfg = Release|Any CPU
		{23865BF3-65C2-4D18-BFC8-3E838B3C70F8}.Release|Any CPU.Build.0 = Release|Any CPU
		{8360AAD5-CBA4-4B55-BC29-C2226976E19D}.Debug|Any CPU.ActiveCfg = Debug|Any CPU
		{8360AAD5-CBA4-4B55-BC29-C2226976E19D}.Debug|Any CPU.Build.0 = Debug|Any CPU
		{8360AAD5-CBA4-4B55-BC29-C2226976E19D}.Release|Any CPU.ActiveCfg = Release|Any CPU
		{8360AAD5-CBA4-4B55-BC29-C2226976E19D}.Release|Any CPU.Build.0 = Release|Any CPU
		{24AD55C7-D3F0-4889-9E5E-618F4DBF45E3}.Debug|Any CPU.ActiveCfg = Debug|Any CPU
		{24AD55C7-D3F0-4889-9E5E-618F4DBF45E3}.Debug|Any CPU.Build.0 = Debug|Any CPU
		{24AD55C7-D3F0-4889-9E5E-618F4DBF45E3}.Release|Any CPU.ActiveCfg = Release|Any CPU
		{24AD55C7-D3F0-4889-9E5E-618F4DBF45E3}.Release|Any CPU.Build.0 = Release|Any CPU
		{BA6CE741-5655-477C-B958-30E443218192}.Debug|Any CPU.ActiveCfg = Debug|Any CPU
		{BA6CE741-5655-477C-B958-30E443218192}.Debug|Any CPU.Build.0 = Debug|Any CPU
		{BA6CE741-5655-477C-B958-30E443218192}.Release|Any CPU.ActiveCfg = Release|Any CPU
		{BA6CE741-5655-477C-B958-30E443218192}.Release|Any CPU.Build.0 = Release|Any CPU
		{DA93ECBA-4199-45EE-B975-08CADD7699DB}.Debug|Any CPU.ActiveCfg = Debug|Any CPU
		{DA93ECBA-4199-45EE-B975-08CADD7699DB}.Debug|Any CPU.Build.0 = Debug|Any CPU
		{DA93ECBA-4199-45EE-B975-08CADD7699DB}.Release|Any CPU.ActiveCfg = Release|Any CPU
		{DA93ECBA-4199-45EE-B975-08CADD7699DB}.Release|Any CPU.Build.0 = Release|Any CPU
		{C36FDA70-5332-41D4-9769-B47EC086B585}.Debug|Any CPU.ActiveCfg = Debug|Any CPU
		{C36FDA70-5332-41D4-9769-B47EC086B585}.Debug|Any CPU.Build.0 = Debug|Any CPU
		{C36FDA70-5332-41D4-9769-B47EC086B585}.Release|Any CPU.ActiveCfg = Release|Any CPU
		{C36FDA70-5332-41D4-9769-B47EC086B585}.Release|Any CPU.Build.0 = Release|Any CPU
		{738724FB-63E7-41C6-B20D-F898454A3895}.Debug|Any CPU.ActiveCfg = Debug|Any CPU
		{738724FB-63E7-41C6-B20D-F898454A3895}.Debug|Any CPU.Build.0 = Debug|Any CPU
		{738724FB-63E7-41C6-B20D-F898454A3895}.Release|Any CPU.ActiveCfg = Release|Any CPU
		{738724FB-63E7-41C6-B20D-F898454A3895}.Release|Any CPU.Build.0 = Release|Any CPU
	EndGlobalSection
	GlobalSection(SolutionProperties) = preSolution
		HideSolutionNode = FALSE
	EndGlobalSection
EndGlobal
